
Microsoft Visual Studio Solution File, Format Version 12.00
# Visual Studio Version 17
VisualStudioVersion = 17.9.34622.214
MinimumVisualStudioVersion = 10.0.40219.1
Project("{FAE04EC0-301F-11D3-BF4B-00C04F79EFBC}") = "MvcMovie", "MvcMovie\MvcMovie.csproj", "{12C9128C-77DC-49D2-A915-31E38EE3A46D}"
EndProject
Global
	GlobalSection(SolutionConfigurationPlatforms) = preSolution
		Debug|Any CPU = Debug|Any CPU
		Release|Any CPU = Release|Any CPU
	EndGlobalSection
	GlobalSection(ProjectConfigurationPlatforms) = postSolution
		{12C9128C-77DC-49D2-A915-31E38EE3A46D}.Debug|Any CPU.ActiveCfg = Debug|Any CPU
		{12C9128C-77DC-49D2-A915-31E38EE3A46D}.Debug|Any CPU.Build.0 = Debug|Any CPU
		{12C9128C-77DC-49D2-A915-31E38EE3A46D}.Release|Any CPU.ActiveCfg = Release|Any CPU
		{12C9128C-77DC-49D2-A915-31E38EE3A46D}.Release|Any CPU.Build.0 = Release|Any CPU
	EndGlobalSection
	GlobalSection(SolutionProperties) = preSolution
		HideSolutionNode = FALSE
	EndGlobalSection
	GlobalSection(ExtensibilityGlobals) = postSolution
		SolutionGuid = {D62CB529-8766-4E76-83E0-7C553E98F42B}
	EndGlobalSection
EndGlobal
